Microsoft Visual Studio Solution File, Format Version 11.00
# Visual Studio 2008

Project("{E105C924-8012-9229-BEE7-50BC4BA0D0E6}") = "Princess Descent", "Assembly-CSharp-firstpass.csproj", "{088A3A2A-528A-79E2-1FA9-E995224E2633}"
EndProject
Project("{E105C924-8012-9229-BEE7-50BC4BA0D0E6}") = "Princess Descent", "Assembly-CSharp.csproj", "{AB539F6B-EF23-60B2-8CB7-7DE840C17597}"
EndProject
Project("{E105C924-8012-9229-BEE7-50BC4BA0D0E6}") = "Princess Descent", "Assembly-CSharp-Editor.csproj", "{0BFE1A33-F146-95CB-9D61-46047EE8762F}"
EndProject
Global
	GlobalSection(SolutionConfigurationPlatforms) = preSolution
		Debug|Any CPU = Debug|Any CPU
		Release|Any CPU = Release|Any CPU
	EndGlobalSection
	GlobalSection(ProjectConfigurationPlatforms) = postSolution
		{088A3A2A-528A-79E2-1FA9-E995224E2633}.Debug|Any CPU.ActiveCfg = Debug|Any CPU
		{088A3A2A-528A-79E2-1FA9-E995224E2633}.Debug|Any CPU.Build.0 = Debug|Any CPU
		{088A3A2A-528A-79E2-1FA9-E995224E2633}.Release|Any CPU.ActiveCfg = Release|Any CPU
		{088A3A2A-528A-79E2-1FA9-E995224E2633}.Release|Any CPU.Build.0 = Release|Any CPU
		{AB539F6B-EF23-60B2-8CB7-7DE840C17597}.Debug|Any CPU.ActiveCfg = Debug|Any CPU
		{AB539F6B-EF23-60B2-8CB7-7DE840C17597}.Debug|Any CPU.Build.0 = Debug|Any CPU
		{AB539F6B-EF23-60B2-8CB7-7DE840C17597}.Release|Any CPU.ActiveCfg = Release|Any CPU
		{AB539F6B-EF23-60B2-8CB7-7DE840C17597}.Release|Any CPU.Build.0 = Release|Any CPU
		{0BFE1A33-F146-95CB-9D61-46047EE8762F}.Debug|Any CPU.ActiveCfg = Debug|Any CPU
		{0BFE1A33-F146-95CB-9D61-46047EE8762F}.Debug|Any CPU.Build.0 = Debug|Any CPU
		{0BFE1A33-F146-95CB-9D61-46047EE8762F}.Release|Any CPU.ActiveCfg = Release|Any CPU
		{0BFE1A33-F146-95CB-9D61-46047EE8762F}.Release|Any CPU.Build.0 = Release|Any CPU
	EndGlobalSection
	GlobalSection(SolutionProperties) = preSolution
		HideSolutionNode = FALSE
	EndGlobalSection
	GlobalSection(MonoDevelopProperties) = preSolution
		StartupItem = Assembly-CSharp.csproj
	EndGlobalSection
EndGlobal
